
Microsoft Visual Studio Solution File, Format Version 12.00
# Visual Studio Version 16
VisualStudioVersion = 16.0.30320.27
MinimumVisualStudioVersion = 10.0.40219.1
Project("{9A19103F-16F7-4668-BE54-9A1E7A4F7556}") = "WebApiGuideService", "WebApiGuideService\WebApiGuideService.csproj", "{EE44BCD9-697D-4160-B93B-D378E31AF340}"
EndProject
Project("{9A19103F-16F7-4668-BE54-9A1E7A4F7556}") = "WebApiDataService", "..\WebApiDataService\WebApiDataService.csproj", "{F995CAEB-4F94-495B-9C70-A34E1B69E67A}"
EndProject
Project("{9A19103F-16F7-4668-BE54-9A1E7A4F7556}") = "WebApiReportService", "..\WebApiReportService\WebApiReportService.csproj", "{99112010-70BB-42D1-997F-BFC3DAADA2CA}"
EndProject
Global
	GlobalSection(SolutionConfigurationPlatforms) = preSolution
		Debug|Any CPU = Debug|Any CPU
		Release|Any CPU = Release|Any CPU
	EndGlobalSection
	GlobalSection(ProjectConfigurationPlatforms) = postSolution
		{EE44BCD9-697D-4160-B93B-D378E31AF340}.Debug|Any CPU.ActiveCfg = Debug|Any CPU
		{EE44BCD9-697D-4160-B93B-D378E31AF340}.Debug|Any CPU.Build.0 = Debug|Any CPU
		{EE44BCD9-697D-4160-B93B-D378E31AF340}.Release|Any CPU.ActiveCfg = Release|Any CPU
		{EE44BCD9-697D-4160-B93B-D378E31AF340}.Release|Any CPU.Build.0 = Release|Any CPU
		{F995CAEB-4F94-495B-9C70-A34E1B69E67A}.Debug|Any CPU.ActiveCfg = Debug|Any CPU
		{F995CAEB-4F94-495B-9C70-A34E1B69E67A}.Debug|Any CPU.Build.0 = Debug|Any CPU
		{F995CAEB-4F94-495B-9C70-A34E1B69E67A}.Release|Any CPU.ActiveCfg = Release|Any CPU
		{F995CAEB-4F94-495B-9C70-A34E1B69E67A}.Release|Any CPU.Build.0 = Release|Any CPU
		{99112010-70BB-42D1-997F-BFC3DAADA2CA}.Debug|Any CPU.ActiveCfg = Debug|Any CPU
		{99112010-70BB-42D1-997F-BFC3DAADA2CA}.Debug|Any CPU.Build.0 = Debug|Any CPU
		{99112010-70BB-42D1-997F-BFC3DAADA2CA}.Release|Any CPU.ActiveCfg = Release|Any CPU
		{99112010-70BB-42D1-997F-BFC3DAADA2CA}.Release|Any CPU.Build.0 = Release|Any CPU
	EndGlobalSection
	GlobalSection(SolutionProperties) = preSolution
		HideSolutionNode = FALSE
	EndGlobalSection
	GlobalSection(ExtensibilityGlobals) = postSolution
		SolutionGuid = {799FE20B-A171-48BA-8B99-82ED7236A999}
	EndGlobalSection
EndGlobal
